
Microsoft Visual Studio Solution File, Format Version 12.00
# Visual Studio 15
VisualStudioVersion = 15.0.28010.2019
MinimumVisualStudioVersion = 10.0.40219.1
Project("{9A19103F-16F7-4668-BE54-9A1E7A4F7556}") = "LearnAspNetCore", "LearnAspNetCore\LearnAspNetCore.csproj", "{5A37C8E1-8FB8-4BE1-B455-B48FFACD87DA}"
EndProject
Project("{9A19103F-16F7-4668-BE54-9A1E7A4F7556}") = "WebApiDemo", "WebApiDemo\WebApiDemo.csproj", "{35C3940F-5931-4D79-B338-FC8662B67255}"
EndProject
Project("{9A19103F-16F7-4668-BE54-9A1E7A4F7556}") = "MvcAspDotNetCoreDemo", "MvcAspDotNetCoreDemo\MvcAspDotNetCoreDemo.csproj", "{BFF5A777-1019-4D7D-8721-6006545135D7}"
EndProject
Project("{9A19103F-16F7-4668-BE54-9A1E7A4F7556}") = "Learn.Controllers", "Learn.Controllers\Learn.Controllers.csproj", "{11976BF0-B3EF-40D2-A27A-7A721B791FDB}"
EndProject
Project("{9A19103F-16F7-4668-BE54-9A1E7A4F7556}") = "Learn.Views", "Learn.Views\Learn.Views.csproj", "{FA9AEA57-5567-4E96-A061-5EB21A3F379F}"
EndProject
Project("{9A19103F-16F7-4668-BE54-9A1E7A4F7556}") = "Learn.Routing", "Learn.Routing\Learn.Routing.csproj", "{294B5EC0-8B2A-477D-8E9E-70AEAA23B7DB}"
EndProject
Project("{9A19103F-16F7-4668-BE54-9A1E7A4F7556}") = "Learn.ViewComponent", "Learn.ViewComponent\Learn.ViewComponent.csproj", "{CABC8862-D4A5-462B-85C8-7689D6F4E594}"
EndProject
Project("{FAE04EC0-301F-11D3-BF4B-00C04F79EFBC}") = "Learn.Models", "Learn.Models\Learn.Models.csproj", "{6F3A3AEE-4CEB-455E-AD3D-D80910667C42}"
EndProject
Global
	GlobalSection(SolutionConfigurationPlatforms) = preSolution
		Debug|Any CPU = Debug|Any CPU
		Release|Any CPU = Release|Any CPU
	EndGlobalSection
	GlobalSection(ProjectConfigurationPlatforms) = postSolution
		{5A37C8E1-8FB8-4BE1-B455-B48FFACD87DA}.Debug|Any CPU.ActiveCfg = Debug|Any CPU
		{5A37C8E1-8FB8-4BE1-B455-B48FFACD87DA}.Debug|Any CPU.Build.0 = Debug|Any CPU
		{5A37C8E1-8FB8-4BE1-B455-B48FFACD87DA}.Release|Any CPU.ActiveCfg = Release|Any CPU
		{5A37C8E1-8FB8-4BE1-B455-B48FFACD87DA}.Release|Any CPU.Build.0 = Release|Any CPU
		{35C3940F-5931-4D79-B338-FC8662B67255}.Debug|Any CPU.ActiveCfg = Debug|Any CPU
		{35C3940F-5931-4D79-B338-FC8662B67255}.Debug|Any CPU.Build.0 = Debug|Any CPU
		{35C3940F-5931-4D79-B338-FC8662B67255}.Release|Any CPU.ActiveCfg = Release|Any CPU
		{35C3940F-5931-4D79-B338-FC8662B67255}.Release|Any CPU.Build.0 = Release|Any CPU
		{BFF5A777-1019-4D7D-8721-6006545135D7}.Debug|Any CPU.ActiveCfg = Debug|Any CPU
		{BFF5A777-1019-4D7D-8721-6006545135D7}.Debug|Any CPU.Build.0 = Debug|Any CPU
		{BFF5A777-1019-4D7D-8721-6006545135D7}.Release|Any CPU.ActiveCfg = Release|Any CPU
		{BFF5A777-1019-4D7D-8721-6006545135D7}.Release|Any CPU.Build.0 = Release|Any CPU
		{11976BF0-B3EF-40D2-A27A-7A721B791FDB}.Debug|Any CPU.ActiveCfg = Debug|Any CPU
		{11976BF0-B3EF-40D2-A27A-7A721B791FDB}.Debug|Any CPU.Build.0 = Debug|Any CPU
		{11976BF0-B3EF-40D2-A27A-7A721B791FDB}.Release|Any CPU.ActiveCfg = Release|Any CPU
		{11976BF0-B3EF-40D2-A27A-7A721B791FDB}.Release|Any CPU.Build.0 = Release|Any CPU
		{FA9AEA57-5567-4E96-A061-5EB21A3F379F}.Debug|Any CPU.ActiveCfg = Debug|Any CPU
		{FA9AEA57-5567-4E96-A061-5EB21A3F379F}.Debug|Any CPU.Build.0 = Debug|Any CPU
		{FA9AEA57-5567-4E96-A061-5EB21A3F379F}.Release|Any CPU.ActiveCfg = Release|Any CPU
		{FA9AEA57-5567-4E96-A061-5EB21A3F379F}.Release|Any CPU.Build.0 = Release|Any CPU
		{294B5EC0-8B2A-477D-8E9E-70AEAA23B7DB}.Debug|Any CPU.ActiveCfg = Debug|Any CPU
		{294B5EC0-8B2A-477D-8E9E-70AEAA23B7DB}.Debug|Any CPU.Build.0 = Debug|Any CPU
		{294B5EC0-8B2A-477D-8E9E-70AEAA23B7DB}.Release|Any CPU.ActiveCfg = Release|Any CPU
		{294B5EC0-8B2A-477D-8E9E-70AEAA23B7DB}.Release|Any CPU.Build.0 = Release|Any CPU
		{CABC8862-D4A5-462B-85C8-7689D6F4E594}.Debug|Any CPU.ActiveCfg = Debug|Any CPU
		{CABC8862-D4A5-462B-85C8-7689D6F4E594}.Debug|Any CPU.Build.0 = Debug|Any CPU
		{CABC8862-D4A5-462B-85C8-7689D6F4E594}.Release|Any CPU.ActiveCfg = Release|Any CPU
		{CABC8862-D4A5-462B-85C8-7689D6F4E594}.Release|Any CPU.Build.0 = Release|Any CPU
		{6F3A3AEE-4CEB-455E-AD3D-D80910667C42}.Debug|Any CPU.ActiveCfg = Debug|Any CPU
		{6F3A3AEE-4CEB-455E-AD3D-D80910667C42}.Debug|Any CPU.Build.0 = Debug|Any CPU
		{6F3A3AEE-4CEB-455E-AD3D-D80910667C42}.Release|Any CPU.ActiveCfg = Release|Any CPU
		{6F3A3AEE-4CEB-455E-AD3D-D80910667C42}.Release|Any CPU.Build.0 = Release|Any CPU
	EndGlobalSection
	GlobalSection(SolutionProperties) = preSolution
		HideSolutionNode = FALSE
	EndGlobalSection
	GlobalSection(ExtensibilityGlobals) = postSolution
		SolutionGuid = {F110202D-7A75-499C-A298-3AE6BF26561F}
	EndGlobalSection
EndGlobal
