
Microsoft Visual Studio Solution File, Format Version 12.00
# Visual Studio 15
VisualStudioVersion = 15.0.28010.2019
MinimumVisualStudioVersion = 10.0.40219.1
Project("{9A19103F-16F7-4668-BE54-9A1E7A4F7556}") = "LearnAspNetCore", "LearnAspNetCore\LearnAspNetCore.csproj", "{5A37C8E1-8FB8-4BE1-B455-B48FFACD87DA}"
EndProject
Project("{9A19103F-16F7-4668-BE54-9A1E7A4F7556}") = "WebApiDemo", "WebApiDemo\WebApiDemo.csproj", "{35C3940F-5931-4D79-B338-FC8662B67255}"
EndProject
Project("{9A19103F-16F7-4668-BE54-9A1E7A4F7556}") = "MvcAspDotNetCoreDemo", "MvcAspDotNetCoreDemo\MvcAspDotNetCoreDemo.csproj", "{BFF5A777-1019-4D7D-8721-6006545135D7}"
EndProject
Global
	GlobalSection(SolutionConfigurationPlatforms) = preSolution
		Debug|Any CPU = Debug|Any CPU
		Release|Any CPU = Release|Any CPU
	EndGlobalSection
	GlobalSection(ProjectConfigurationPlatforms) = postSolution
		{5A37C8E1-8FB8-4BE1-B455-B48FFACD87DA}.Debug|Any CPU.ActiveCfg = Debug|Any CPU
		{5A37C8E1-8FB8-4BE1-B455-B48FFACD87DA}.Debug|Any CPU.Build.0 = Debug|Any CPU
		{5A37C8E1-8FB8-4BE1-B455-B48FFACD87DA}.Release|Any CPU.ActiveCfg = Release|Any CPU
		{5A37C8E1-8FB8-4BE1-B455-B48FFACD87DA}.Release|Any CPU.Build.0 = Release|Any CPU
		{35C3940F-5931-4D79-B338-FC8662B67255}.Debug|Any CPU.ActiveCfg = Debug|Any CPU
		{35C3940F-5931-4D79-B338-FC8662B67255}.Debug|Any CPU.Build.0 = Debug|Any CPU
		{35C3940F-5931-4D79-B338-FC8662B67255}.Release|Any CPU.ActiveCfg = Release|Any CPU
		{35C3940F-5931-4D79-B338-FC8662B67255}.Release|Any CPU.Build.0 = Release|Any CPU
		{BFF5A777-1019-4D7D-8721-6006545135D7}.Debug|Any CPU.ActiveCfg = Debug|Any CPU
		{BFF5A777-1019-4D7D-8721-6006545135D7}.Debug|Any CPU.Build.0 = Debug|Any CPU
		{BFF5A777-1019-4D7D-8721-6006545135D7}.Release|Any CPU.ActiveCfg = Release|Any CPU
		{BFF5A777-1019-4D7D-8721-6006545135D7}.Release|Any CPU.Build.0 = Release|Any CPU
	EndGlobalSection
	GlobalSection(SolutionProperties) = preSolution
		HideSolutionNode = FALSE
	EndGlobalSection
	GlobalSection(ExtensibilityGlobals) = postSolution
		SolutionGuid = {F110202D-7A75-499C-A298-3AE6BF26561F}
	EndGlobalSection
EndGlobal
